
Microsoft Visual Studio Solution File, Format Version 9.00
# Visual Studio 2005
Project("{FAE04EC0-301F-11D3-BF4B-00C04F79EFBC}") = "Battle Blocks", "Battle Blocks\Battle Blocks.csproj", "{739511A7-DE7F-43A3-A91A-10472119C32D}"
	ProjectSection(WebsiteProperties) = preProject
		Debug.AspNetCompiler.Debug = "True"
		Release.AspNetCompiler.Debug = "False"
	EndProjectSection
EndProject
Global
	GlobalSection(SolutionConfigurationPlatforms) = preSolution
		Debug|x86 = Debug|x86
		Release|x86 = Release|x86
	EndGlobalSection
	GlobalSection(ProjectConfigurationPlatforms) = postSolution
		{739511A7-DE7F-43A3-A91A-10472119C32D}.Debug|x86.ActiveCfg = Debug|x86
		{739511A7-DE7F-43A3-A91A-10472119C32D}.Debug|x86.Build.0 = Debug|x86
		{739511A7-DE7F-43A3-A91A-10472119C32D}.Release|x86.ActiveCfg = Release|x86
		{739511A7-DE7F-43A3-A91A-10472119C32D}.Release|x86.Build.0 = Release|x86
		{765E1214-5779-412E-9E86-B63811F97B56}.Debug|x86.ActiveCfg = Debug|x86
		{765E1214-5779-412E-9E86-B63811F97B56}.Release|x86.ActiveCfg = Release|x86
	EndGlobalSection
	GlobalSection(SolutionProperties) = preSolution
		HideSolutionNode = FALSE
	EndGlobalSection
	GlobalSection(ExtensibilityGlobals) = postSolution
		VisualSVNWorkingCopyRoot = 
	EndGlobalSection
EndGlobal
